
Microsoft Visual Studio Solution File, Format Version 12.00
# Visual Studio Version 17
VisualStudioVersion = 17.1.32228.430
MinimumVisualStudioVersion = 10.0.40219.1
Project("{9A19103F-16F7-4668-BE54-9A1E7A4F7556}") = "StrategyPattern", "StrategyPattern\StrategyPattern.csproj", "{2F5833ED-A004-499F-9C5A-6D6FAF3A43AD}"
EndProject
Project("{9A19103F-16F7-4668-BE54-9A1E7A4F7556}") = "FacadePattern", "FacadePattern\FacadePattern.csproj", "{A8C31690-9BBA-4EFF-A8C2-A8AEB632A7EC}"
EndProject
Project("{9A19103F-16F7-4668-BE54-9A1E7A4F7556}") = "BuilderPattern", "BuilderPattern\BuilderPattern.csproj", "{C1C712C0-E93A-4FAE-882D-39011F8BEC21}"
EndProject
Project("{9A19103F-16F7-4668-BE54-9A1E7A4F7556}") = "ObserverPattern", "ObserverPattern\ObserverPattern.csproj", "{1A15B1E3-809D-4D95-BD41-630CCC48A76A}"
EndProject
Project("{9A19103F-16F7-4668-BE54-9A1E7A4F7556}") = "AbstractFactoryPattern", "AbstractFactoryPattern\AbstractFactoryPattern.csproj", "{F73742CB-D7F1-4EF1-BCC6-5629D0F911B8}"
EndProject
Project("{9A19103F-16F7-4668-BE54-9A1E7A4F7556}") = "StatePattern", "StatePattern\StatePattern.csproj", "{8459B113-D66E-4AAC-A071-8ADD9AEBD3DD}"
EndProject
Project("{9A19103F-16F7-4668-BE54-9A1E7A4F7556}") = "AdapterPattern", "AdapterPattern\AdapterPattern.csproj", "{BE733B07-C405-4CF7-BBC0-96BAD651DF96}"
EndProject
Project("{9A19103F-16F7-4668-BE54-9A1E7A4F7556}") = "MementoPattern", "MementoPattern\MementoPattern.csproj", "{7231532F-111C-4259-8823-B12127ADBBBD}"
EndProject
Project("{9A19103F-16F7-4668-BE54-9A1E7A4F7556}") = "CompositePattern", "CompositePattern\CompositePattern.csproj", "{D63092F7-103C-48D3-954C-C38A02134E69}"
EndProject
Project("{9A19103F-16F7-4668-BE54-9A1E7A4F7556}") = "SingletonPattern", "SingletonPattern\SingletonPattern.csproj", "{5633F986-2F2C-480C-8E94-6BE8A3234B56}"
EndProject
Project("{9A19103F-16F7-4668-BE54-9A1E7A4F7556}") = "BridgePattern", "BridgePattern\BridgePattern.csproj", "{4923241D-6781-40A5-A615-895470C36D3F}"
EndProject
Project("{FAE04EC0-301F-11D3-BF4B-00C04F79EFBC}") = "CommandPattern", "CommandPattern\CommandPattern.csproj", "{E747547D-32A2-477F-A162-1277643AFF03}"
EndProject
Global
	GlobalSection(SolutionConfigurationPlatforms) = preSolution
		Debug|Any CPU = Debug|Any CPU
		Release|Any CPU = Release|Any CPU
	EndGlobalSection
	GlobalSection(ProjectConfigurationPlatforms) = postSolution
		{2F5833ED-A004-499F-9C5A-6D6FAF3A43AD}.Debug|Any CPU.ActiveCfg = Debug|Any CPU
		{2F5833ED-A004-499F-9C5A-6D6FAF3A43AD}.Debug|Any CPU.Build.0 = Debug|Any CPU
		{2F5833ED-A004-499F-9C5A-6D6FAF3A43AD}.Release|Any CPU.ActiveCfg = Release|Any CPU
		{2F5833ED-A004-499F-9C5A-6D6FAF3A43AD}.Release|Any CPU.Build.0 = Release|Any CPU
		{A8C31690-9BBA-4EFF-A8C2-A8AEB632A7EC}.Debug|Any CPU.ActiveCfg = Debug|Any CPU
		{A8C31690-9BBA-4EFF-A8C2-A8AEB632A7EC}.Debug|Any CPU.Build.0 = Debug|Any CPU
		{A8C31690-9BBA-4EFF-A8C2-A8AEB632A7EC}.Release|Any CPU.ActiveCfg = Release|Any CPU
		{A8C31690-9BBA-4EFF-A8C2-A8AEB632A7EC}.Release|Any CPU.Build.0 = Release|Any CPU
		{C1C712C0-E93A-4FAE-882D-39011F8BEC21}.Debug|Any CPU.ActiveCfg = Debug|Any CPU
		{C1C712C0-E93A-4FAE-882D-39011F8BEC21}.Debug|Any CPU.Build.0 = Debug|Any CPU
		{C1C712C0-E93A-4FAE-882D-39011F8BEC21}.Release|Any CPU.ActiveCfg = Release|Any CPU
		{C1C712C0-E93A-4FAE-882D-39011F8BEC21}.Release|Any CPU.Build.0 = Release|Any CPU
		{1A15B1E3-809D-4D95-BD41-630CCC48A76A}.Debug|Any CPU.ActiveCfg = Debug|Any CPU
		{1A15B1E3-809D-4D95-BD41-630CCC48A76A}.Debug|Any CPU.Build.0 = Debug|Any CPU
		{1A15B1E3-809D-4D95-BD41-630CCC48A76A}.Release|Any CPU.ActiveCfg = Release|Any CPU
		{1A15B1E3-809D-4D95-BD41-630CCC48A76A}.Release|Any CPU.Build.0 = Release|Any CPU
		{F73742CB-D7F1-4EF1-BCC6-5629D0F911B8}.Debug|Any CPU.ActiveCfg = Debug|Any CPU
		{F73742CB-D7F1-4EF1-BCC6-5629D0F911B8}.Debug|Any CPU.Build.0 = Debug|Any CPU
		{F73742CB-D7F1-4EF1-BCC6-5629D0F911B8}.Release|Any CPU.ActiveCfg = Release|Any CPU
		{F73742CB-D7F1-4EF1-BCC6-5629D0F911B8}.Release|Any CPU.Build.0 = Release|Any CPU
		{8459B113-D66E-4AAC-A071-8ADD9AEBD3DD}.Debug|Any CPU.ActiveCfg = Debug|Any CPU
		{8459B113-D66E-4AAC-A071-8ADD9AEBD3DD}.Debug|Any CPU.Build.0 = Debug|Any CPU
		{8459B113-D66E-4AAC-A071-8ADD9AEBD3DD}.Release|Any CPU.ActiveCfg = Release|Any CPU
		{8459B113-D66E-4AAC-A071-8ADD9AEBD3DD}.Release|Any CPU.Build.0 = Release|Any CPU
		{BE733B07-C405-4CF7-BBC0-96BAD651DF96}.Debug|Any CPU.ActiveCfg = Debug|Any CPU
		{BE733B07-C405-4CF7-BBC0-96BAD651DF96}.Debug|Any CPU.Build.0 = Debug|Any CPU
		{BE733B07-C405-4CF7-BBC0-96BAD651DF96}.Release|Any CPU.ActiveCfg = Release|Any CPU
		{BE733B07-C405-4CF7-BBC0-96BAD651DF96}.Release|Any CPU.Build.0 = Release|Any CPU
		{7231532F-111C-4259-8823-B12127ADBBBD}.Debug|Any CPU.ActiveCfg = Debug|Any CPU
		{7231532F-111C-4259-8823-B12127ADBBBD}.Debug|Any CPU.Build.0 = Debug|Any CPU
		{7231532F-111C-4259-8823-B12127ADBBBD}.Release|Any CPU.ActiveCfg = Release|Any CPU
		{7231532F-111C-4259-8823-B12127ADBBBD}.Release|Any CPU.Build.0 = Release|Any CPU
		{D63092F7-103C-48D3-954C-C38A02134E69}.Debug|Any CPU.ActiveCfg = Debug|Any CPU
		{D63092F7-103C-48D3-954C-C38A02134E69}.Debug|Any CPU.Build.0 = Debug|Any CPU
		{D63092F7-103C-48D3-954C-C38A02134E69}.Release|Any CPU.ActiveCfg = Release|Any CPU
		{D63092F7-103C-48D3-954C-C38A02134E69}.Release|Any CPU.Build.0 = Release|Any CPU
		{5633F986-2F2C-480C-8E94-6BE8A3234B56}.Debug|Any CPU.ActiveCfg = Debug|Any CPU
		{5633F986-2F2C-480C-8E94-6BE8A3234B56}.Debug|Any CPU.Build.0 = Debug|Any CPU
		{5633F986-2F2C-480C-8E94-6BE8A3234B56}.Release|Any CPU.ActiveCfg = Release|Any CPU
		{5633F986-2F2C-480C-8E94-6BE8A3234B56}.Release|Any CPU.Build.0 = Release|Any CPU
		{4923241D-6781-40A5-A615-895470C36D3F}.Debug|Any CPU.ActiveCfg = Debug|Any CPU
		{4923241D-6781-40A5-A615-895470C36D3F}.Debug|Any CPU.Build.0 = Debug|Any CPU
		{4923241D-6781-40A5-A615-895470C36D3F}.Release|Any CPU.ActiveCfg = Release|Any CPU
		{4923241D-6781-40A5-A615-895470C36D3F}.Release|Any CPU.Build.0 = Release|Any CPU
		{E747547D-32A2-477F-A162-1277643AFF03}.Debug|Any CPU.ActiveCfg = Debug|Any CPU
		{E747547D-32A2-477F-A162-1277643AFF03}.Debug|Any CPU.Build.0 = Debug|Any CPU
		{E747547D-32A2-477F-A162-1277643AFF03}.Release|Any CPU.ActiveCfg = Release|Any CPU
		{E747547D-32A2-477F-A162-1277643AFF03}.Release|Any CPU.Build.0 = Release|Any CPU
	EndGlobalSection
	GlobalSection(SolutionProperties) = preSolution
		HideSolutionNode = FALSE
	EndGlobalSection
	GlobalSection(ExtensibilityGlobals) = postSolution
		SolutionGuid = {170D6B86-179C-43C5-809E-BCDE3B6513EA}
	EndGlobalSection
EndGlobal
